
Microsoft Visual Studio Solution File, Format Version 12.00
# Visual Studio Version 17
VisualStudioVersion = 17.0.31919.166
MinimumVisualStudioVersion = 10.0.40219.1
Project("{FAE04EC0-301F-11D3-BF4B-00C04F79EFBC}") = "LoopheadsExplorer", "LoopheadsExplorer\LoopheadsExplorer.csproj", "{3900D54A-8C39-4563-95DF-1973F2F68EF3}"
EndProject
Global
	GlobalSection(SolutionConfigurationPlatforms) = preSolution
		Debug|Any CPU = Debug|Any CPU
		Release|Any CPU = Release|Any CPU
	EndGlobalSection
	GlobalSection(ProjectConfigurationPlatforms) = postSolution
		{3900D54A-8C39-4563-95DF-1973F2F68EF3}.Debug|Any CPU.ActiveCfg = Debug|Any CPU
		{3900D54A-8C39-4563-95DF-1973F2F68EF3}.Debug|Any CPU.Build.0 = Debug|Any CPU
		{3900D54A-8C39-4563-95DF-1973F2F68EF3}.Release|Any CPU.ActiveCfg = Release|Any CPU
		{3900D54A-8C39-4563-95DF-1973F2F68EF3}.Release|Any CPU.Build.0 = Release|Any CPU
	EndGlobalSection
	GlobalSection(SolutionProperties) = preSolution
		HideSolutionNode = FALSE
	EndGlobalSection
	GlobalSection(ExtensibilityGlobals) = postSolution
		SolutionGuid = {9B8CCC0D-DED9-46EA-827F-55A805C5A9D8}
	EndGlobalSection
EndGlobal
